
Microsoft Visual Studio Solution File, Format Version 12.00
# Visual Studio Version 17
VisualStudioVersion = 17.14.36327.8
MinimumVisualStudioVersion = 10.0.40219.1
Project("{FAE04EC0-301F-11D3-BF4B-00C04F79EFBC}") = "Demo00Introduction", "Demo00Introduction\Demo00Introduction.csproj", "{0474A8B0-4ADA-C37A-B73E-8413C353B388}"
EndProject
Project("{2150E333-8FDC-42A3-9474-1A3956D46DE8}") = "Demonstrations", "Demonstrations", "{02EA681E-C7D8-13C7-8484-4AC65E1B71E8}"
EndProject
Project("{2150E333-8FDC-42A3-9474-1A3956D46DE8}") = "Exercices", "Exercices", "{6A1477DF-0906-4DDB-83E8-E3A96C1144B9}"
EndProject
Project("{FAE04EC0-301F-11D3-BF4B-00C04F79EFBC}") = "Demo01Variables", "Demo01Variables\Demo01Variables.csproj", "{C9993779-3F73-478F-83E8-0308E25BF2B5}"
EndProject
Project("{FAE04EC0-301F-11D3-BF4B-00C04F79EFBC}") = "Demo02Types", "Demo02Types\Demo02Types.csproj", "{0B549D78-5313-46BA-99FE-62C8C5A6471E}"
EndProject
Project("{FAE04EC0-301F-11D3-BF4B-00C04F79EFBC}") = "Exercice01", "Exercice01\Exercice01.csproj", "{7288068D-49E7-412E-AAB2-CF96DA7604CF}"
EndProject
Project("{FAE04EC0-301F-11D3-BF4B-00C04F79EFBC}") = "Demo03Conversions", "Demo03Conversions\Demo03Conversions.csproj", "{2DF60D53-8594-4200-A900-FAA836BBF90A}"
EndProject
Project("{FAE04EC0-301F-11D3-BF4B-00C04F79EFBC}") = "ExoPage106A", "ExoPage106A\ExoPage106A.csproj", "{42C36E0C-2F62-462A-8A15-312D85C9E110}"
EndProject
Project("{FAE04EC0-301F-11D3-BF4B-00C04F79EFBC}") = "Demo04StructuresConditionnelles", "Demo04StructuresConditionnelles\Demo04StructuresConditionnelles.csproj", "{367D5116-3761-46A1-AE87-4B405D6A4118}"
EndProject
Project("{FAE04EC0-301F-11D3-BF4B-00C04F79EFBC}") = "ExoPage116A", "ExoPage116A\ExoPage116A.csproj", "{5CD4805C-BCEC-4230-91B4-32E169463613}"
EndProject
Project("{FAE04EC0-301F-11D3-BF4B-00C04F79EFBC}") = "Demo05Operateurs", "Demo05Operateurs\Demo05Operateurs.csproj", "{358CABE1-996F-4ED5-A802-7039B7AE5E57}"
EndProject
Project("{FAE04EC0-301F-11D3-BF4B-00C04F79EFBC}") = "ExoPage140A", "ExoPage140A\ExoPage140A.csproj", "{D57EE8BD-F4CA-4BC4-96AE-F7DF0388D397}"
EndProject
Project("{FAE04EC0-301F-11D3-BF4B-00C04F79EFBC}") = "ExoPage140B", "ExoPage140B\ExoPage140B.csproj", "{8F6215BF-2492-46D2-BDE9-B15EA02F1F8B}"
EndProject
Project("{FAE04EC0-301F-11D3-BF4B-00C04F79EFBC}") = "Demo06Boucles", "Demo06Boucles\Demo06Boucles.csproj", "{CC5A77F9-198C-4639-8791-351BB02BE9C8}"
EndProject
Project("{FAE04EC0-301F-11D3-BF4B-00C04F79EFBC}") = "ExoPage150A", "ExoPage150A\ExoPage150A.csproj", "{71DF8AE9-E95A-45B9-8DA3-396F937836FF}"
EndProject
Project("{FAE04EC0-301F-11D3-BF4B-00C04F79EFBC}") = "ExoPage150B", "ExoPage150B\ExoPage150B.csproj", "{0031E53B-66E1-4ECC-9306-C5EC622614B1}"
EndProject
Project("{FAE04EC0-301F-11D3-BF4B-00C04F79EFBC}") = "ExoPage150C", "ExoPage150C\ExoPage150C.csproj", "{3AC7E967-6BAD-478A-882D-1B4B1CF814AE}"
EndProject
Project("{FAE04EC0-301F-11D3-BF4B-00C04F79EFBC}") = "Demo07Tableaux", "Demo07Tableaux\Demo07Tableaux.csproj", "{308AEDCD-A9CF-471F-9AAD-954380F2D993}"
EndProject
Project("{FAE04EC0-301F-11D3-BF4B-00C04F79EFBC}") = "ExoBonusTableauA", "ExoBonusTableauA\ExoBonusTableauA.csproj", "{84D8B7BB-2AC5-46B3-B718-E9F092B47355}"
EndProject
Project("{FAE04EC0-301F-11D3-BF4B-00C04F79EFBC}") = "Demo08Structures", "Demo08Structures\Demo08Structures.csproj", "{E85D9D9A-507F-4C6A-9270-C31F930F510B}"
EndProject
Project("{FAE04EC0-301F-11D3-BF4B-00C04F79EFBC}") = "Demo09Enumerations", "Demo09Enumerations\Demo09Enumerations.csproj", "{CF6B6D42-ADAE-459D-8335-088EE0282602}"
EndProject
Project("{2150E333-8FDC-42A3-9474-1A3956D46DE8}") = "Tips", "Tips", "{170003BD-7611-492D-A69C-31CD2E139ACD}"
EndProject
Project("{FAE04EC0-301F-11D3-BF4B-00C04F79EFBC}") = "Join", "Join\Join.csproj", "{7CFB5A83-3D55-4CEA-AE37-FAB713672A26}"
EndProject
Project("{FAE04EC0-301F-11D3-BF4B-00C04F79EFBC}") = "ExoPage166B", "ExoPage166B\ExoPage166B.csproj", "{AF745AD3-E2FC-4014-84B5-08EA3957D559}"
EndProject
Global
	GlobalSection(SolutionConfigurationPlatforms) = preSolution
		Debug|Any CPU = Debug|Any CPU
		Release|Any CPU = Release|Any CPU
	EndGlobalSection
	GlobalSection(ProjectConfigurationPlatforms) = postSolution
		{0474A8B0-4ADA-C37A-B73E-8413C353B388}.Debug|Any CPU.ActiveCfg = Debug|Any CPU
		{0474A8B0-4ADA-C37A-B73E-8413C353B388}.Debug|Any CPU.Build.0 = Debug|Any CPU
		{0474A8B0-4ADA-C37A-B73E-8413C353B388}.Release|Any CPU.ActiveCfg = Release|Any CPU
		{0474A8B0-4ADA-C37A-B73E-8413C353B388}.Release|Any CPU.Build.0 = Release|Any CPU
		{C9993779-3F73-478F-83E8-0308E25BF2B5}.Debug|Any CPU.ActiveCfg = Debug|Any CPU
		{C9993779-3F73-478F-83E8-0308E25BF2B5}.Debug|Any CPU.Build.0 = Debug|Any CPU
		{C9993779-3F73-478F-83E8-0308E25BF2B5}.Release|Any CPU.ActiveCfg = Release|Any CPU
		{C9993779-3F73-478F-83E8-0308E25BF2B5}.Release|Any CPU.Build.0 = Release|Any CPU
		{0B549D78-5313-46BA-99FE-62C8C5A6471E}.Debug|Any CPU.ActiveCfg = Debug|Any CPU
		{0B549D78-5313-46BA-99FE-62C8C5A6471E}.Debug|Any CPU.Build.0 = Debug|Any CPU
		{0B549D78-5313-46BA-99FE-62C8C5A6471E}.Release|Any CPU.ActiveCfg = Release|Any CPU
		{0B549D78-5313-46BA-99FE-62C8C5A6471E}.Release|Any CPU.Build.0 = Release|Any CPU
		{7288068D-49E7-412E-AAB2-CF96DA7604CF}.Debug|Any CPU.ActiveCfg = Debug|Any CPU
		{7288068D-49E7-412E-AAB2-CF96DA7604CF}.Debug|Any CPU.Build.0 = Debug|Any CPU
		{7288068D-49E7-412E-AAB2-CF96DA7604CF}.Release|Any CPU.ActiveCfg = Release|Any CPU
		{7288068D-49E7-412E-AAB2-CF96DA7604CF}.Release|Any CPU.Build.0 = Release|Any CPU
		{2DF60D53-8594-4200-A900-FAA836BBF90A}.Debug|Any CPU.ActiveCfg = Debug|Any CPU
		{2DF60D53-8594-4200-A900-FAA836BBF90A}.Debug|Any CPU.Build.0 = Debug|Any CPU
		{2DF60D53-8594-4200-A900-FAA836BBF90A}.Release|Any CPU.ActiveCfg = Release|Any CPU
		{2DF60D53-8594-4200-A900-FAA836BBF90A}.Release|Any CPU.Build.0 = Release|Any CPU
		{42C36E0C-2F62-462A-8A15-312D85C9E110}.Debug|Any CPU.ActiveCfg = Debug|Any CPU
		{42C36E0C-2F62-462A-8A15-312D85C9E110}.Debug|Any CPU.Build.0 = Debug|Any CPU
		{42C36E0C-2F62-462A-8A15-312D85C9E110}.Release|Any CPU.ActiveCfg = Release|Any CPU
		{42C36E0C-2F62-462A-8A15-312D85C9E110}.Release|Any CPU.Build.0 = Release|Any CPU
		{367D5116-3761-46A1-AE87-4B405D6A4118}.Debug|Any CPU.ActiveCfg = Debug|Any CPU
		{367D5116-3761-46A1-AE87-4B405D6A4118}.Debug|Any CPU.Build.0 = Debug|Any CPU
		{367D5116-3761-46A1-AE87-4B405D6A4118}.Release|Any CPU.ActiveCfg = Release|Any CPU
		{367D5116-3761-46A1-AE87-4B405D6A4118}.Release|Any CPU.Build.0 = Release|Any CPU
		{5CD4805C-BCEC-4230-91B4-32E169463613}.Debug|Any CPU.ActiveCfg = Debug|Any CPU
		{5CD4805C-BCEC-4230-91B4-32E169463613}.Debug|Any CPU.Build.0 = Debug|Any CPU
		{5CD4805C-BCEC-4230-91B4-32E169463613}.Release|Any CPU.ActiveCfg = Release|Any CPU
		{5CD4805C-BCEC-4230-91B4-32E169463613}.Release|Any CPU.Build.0 = Release|Any CPU
		{358CABE1-996F-4ED5-A802-7039B7AE5E57}.Debug|Any CPU.ActiveCfg = Debug|Any CPU
		{358CABE1-996F-4ED5-A802-7039B7AE5E57}.Debug|Any CPU.Build.0 = Debug|Any CPU
		{358CABE1-996F-4ED5-A802-7039B7AE5E57}.Release|Any CPU.ActiveCfg = Release|Any CPU
		{358CABE1-996F-4ED5-A802-7039B7AE5E57}.Release|Any CPU.Build.0 = Release|Any CPU
		{D57EE8BD-F4CA-4BC4-96AE-F7DF0388D397}.Debug|Any CPU.ActiveCfg = Debug|Any CPU
		{D57EE8BD-F4CA-4BC4-96AE-F7DF0388D397}.Debug|Any CPU.Build.0 = Debug|Any CPU
		{D57EE8BD-F4CA-4BC4-96AE-F7DF0388D397}.Release|Any CPU.ActiveCfg = Release|Any CPU
		{D57EE8BD-F4CA-4BC4-96AE-F7DF0388D397}.Release|Any CPU.Build.0 = Release|Any CPU
		{8F6215BF-2492-46D2-BDE9-B15EA02F1F8B}.Debug|Any CPU.ActiveCfg = Debug|Any CPU
		{8F6215BF-2492-46D2-BDE9-B15EA02F1F8B}.Debug|Any CPU.Build.0 = Debug|Any CPU
		{8F6215BF-2492-46D2-BDE9-B15EA02F1F8B}.Release|Any CPU.ActiveCfg = Release|Any CPU
		{8F6215BF-2492-46D2-BDE9-B15EA02F1F8B}.Release|Any CPU.Build.0 = Release|Any CPU
		{CC5A77F9-198C-4639-8791-351BB02BE9C8}.Debug|Any CPU.ActiveCfg = Debug|Any CPU
		{CC5A77F9-198C-4639-8791-351BB02BE9C8}.Debug|Any CPU.Build.0 = Debug|Any CPU
		{CC5A77F9-198C-4639-8791-351BB02BE9C8}.Release|Any CPU.ActiveCfg = Release|Any CPU
		{CC5A77F9-198C-4639-8791-351BB02BE9C8}.Release|Any CPU.Build.0 = Release|Any CPU
		{71DF8AE9-E95A-45B9-8DA3-396F937836FF}.Debug|Any CPU.ActiveCfg = Debug|Any CPU
		{71DF8AE9-E95A-45B9-8DA3-396F937836FF}.Debug|Any CPU.Build.0 = Debug|Any CPU
		{71DF8AE9-E95A-45B9-8DA3-396F937836FF}.Release|Any CPU.ActiveCfg = Release|Any CPU
		{71DF8AE9-E95A-45B9-8DA3-396F937836FF}.Release|Any CPU.Build.0 = Release|Any CPU
		{0031E53B-66E1-4ECC-9306-C5EC622614B1}.Debug|Any CPU.ActiveCfg = Debug|Any CPU
		{0031E53B-66E1-4ECC-9306-C5EC622614B1}.Debug|Any CPU.Build.0 = Debug|Any CPU
		{0031E53B-66E1-4ECC-9306-C5EC622614B1}.Release|Any CPU.ActiveCfg = Release|Any CPU
		{0031E53B-66E1-4ECC-9306-C5EC622614B1}.Release|Any CPU.Build.0 = Release|Any CPU
		{3AC7E967-6BAD-478A-882D-1B4B1CF814AE}.Debug|Any CPU.ActiveCfg = Debug|Any CPU
		{3AC7E967-6BAD-478A-882D-1B4B1CF814AE}.Debug|Any CPU.Build.0 = Debug|Any CPU
		{3AC7E967-6BAD-478A-882D-1B4B1CF814AE}.Release|Any CPU.ActiveCfg = Release|Any CPU
		{3AC7E967-6BAD-478A-882D-1B4B1CF814AE}.Release|Any CPU.Build.0 = Release|Any CPU
		{308AEDCD-A9CF-471F-9AAD-954380F2D993}.Debug|Any CPU.ActiveCfg = Debug|Any CPU
		{308AEDCD-A9CF-471F-9AAD-954380F2D993}.Debug|Any CPU.Build.0 = Debug|Any CPU
		{308AEDCD-A9CF-471F-9AAD-954380F2D993}.Release|Any CPU.ActiveCfg = Release|Any CPU
		{308AEDCD-A9CF-471F-9AAD-954380F2D993}.Release|Any CPU.Build.0 = Release|Any CPU
		{84D8B7BB-2AC5-46B3-B718-E9F092B47355}.Debug|Any CPU.ActiveCfg = Debug|Any CPU
		{84D8B7BB-2AC5-46B3-B718-E9F092B47355}.Debug|Any CPU.Build.0 = Debug|Any CPU
		{84D8B7BB-2AC5-46B3-B718-E9F092B47355}.Release|Any CPU.ActiveCfg = Release|Any CPU
		{84D8B7BB-2AC5-46B3-B718-E9F092B47355}.Release|Any CPU.Build.0 = Release|Any CPU
		{E85D9D9A-507F-4C6A-9270-C31F930F510B}.Debug|Any CPU.ActiveCfg = Debug|Any CPU
		{E85D9D9A-507F-4C6A-9270-C31F930F510B}.Debug|Any CPU.Build.0 = Debug|Any CPU
		{E85D9D9A-507F-4C6A-9270-C31F930F510B}.Release|Any CPU.ActiveCfg = Release|Any CPU
		{E85D9D9A-507F-4C6A-9270-C31F930F510B}.Release|Any CPU.Build.0 = Release|Any CPU
		{CF6B6D42-ADAE-459D-8335-088EE0282602}.Debug|Any CPU.ActiveCfg = Debug|Any CPU
		{CF6B6D42-ADAE-459D-8335-088EE0282602}.Debug|Any CPU.Build.0 = Debug|Any CPU
		{CF6B6D42-ADAE-459D-8335-088EE0282602}.Release|Any CPU.ActiveCfg = Release|Any CPU
		{CF6B6D42-ADAE-459D-8335-088EE0282602}.Release|Any CPU.Build.0 = Release|Any CPU
		{7CFB5A83-3D55-4CEA-AE37-FAB713672A26}.Debug|Any CPU.ActiveCfg = Debug|Any CPU
		{7CFB5A83-3D55-4CEA-AE37-FAB713672A26}.Debug|Any CPU.Build.0 = Debug|Any CPU
		{7CFB5A83-3D55-4CEA-AE37-FAB713672A26}.Release|Any CPU.ActiveCfg = Release|Any CPU
		{7CFB5A83-3D55-4CEA-AE37-FAB713672A26}.Release|Any CPU.Build.0 = Release|Any CPU
		{AF745AD3-E2FC-4014-84B5-08EA3957D559}.Debug|Any CPU.ActiveCfg = Debug|Any CPU
		{AF745AD3-E2FC-4014-84B5-08EA3957D559}.Debug|Any CPU.Build.0 = Debug|Any CPU
		{AF745AD3-E2FC-4014-84B5-08EA3957D559}.Release|Any CPU.ActiveCfg = Release|Any CPU
		{AF745AD3-E2FC-4014-84B5-08EA3957D559}.Release|Any CPU.Build.0 = Release|Any CPU
	EndGlobalSection
	GlobalSection(SolutionProperties) = preSolution
		HideSolutionNode = FALSE
	EndGlobalSection
	GlobalSection(NestedProjects) = preSolution
		{0474A8B0-4ADA-C37A-B73E-8413C353B388} = {02EA681E-C7D8-13C7-8484-4AC65E1B71E8}
		{C9993779-3F73-478F-83E8-0308E25BF2B5} = {02EA681E-C7D8-13C7-8484-4AC65E1B71E8}
		{0B549D78-5313-46BA-99FE-62C8C5A6471E} = {02EA681E-C7D8-13C7-8484-4AC65E1B71E8}
		{7288068D-49E7-412E-AAB2-CF96DA7604CF} = {6A1477DF-0906-4DDB-83E8-E3A96C1144B9}
		{2DF60D53-8594-4200-A900-FAA836BBF90A} = {02EA681E-C7D8-13C7-8484-4AC65E1B71E8}
		{42C36E0C-2F62-462A-8A15-312D85C9E110} = {6A1477DF-0906-4DDB-83E8-E3A96C1144B9}
		{367D5116-3761-46A1-AE87-4B405D6A4118} = {02EA681E-C7D8-13C7-8484-4AC65E1B71E8}
		{5CD4805C-BCEC-4230-91B4-32E169463613} = {6A1477DF-0906-4DDB-83E8-E3A96C1144B9}
		{358CABE1-996F-4ED5-A802-7039B7AE5E57} = {02EA681E-C7D8-13C7-8484-4AC65E1B71E8}
		{D57EE8BD-F4CA-4BC4-96AE-F7DF0388D397} = {6A1477DF-0906-4DDB-83E8-E3A96C1144B9}
		{8F6215BF-2492-46D2-BDE9-B15EA02F1F8B} = {6A1477DF-0906-4DDB-83E8-E3A96C1144B9}
		{CC5A77F9-198C-4639-8791-351BB02BE9C8} = {02EA681E-C7D8-13C7-8484-4AC65E1B71E8}
		{71DF8AE9-E95A-45B9-8DA3-396F937836FF} = {6A1477DF-0906-4DDB-83E8-E3A96C1144B9}
		{0031E53B-66E1-4ECC-9306-C5EC622614B1} = {6A1477DF-0906-4DDB-83E8-E3A96C1144B9}
		{3AC7E967-6BAD-478A-882D-1B4B1CF814AE} = {6A1477DF-0906-4DDB-83E8-E3A96C1144B9}
		{308AEDCD-A9CF-471F-9AAD-954380F2D993} = {02EA681E-C7D8-13C7-8484-4AC65E1B71E8}
		{84D8B7BB-2AC5-46B3-B718-E9F092B47355} = {6A1477DF-0906-4DDB-83E8-E3A96C1144B9}
		{E85D9D9A-507F-4C6A-9270-C31F930F510B} = {02EA681E-C7D8-13C7-8484-4AC65E1B71E8}
		{CF6B6D42-ADAE-459D-8335-088EE0282602} = {02EA681E-C7D8-13C7-8484-4AC65E1B71E8}
		{7CFB5A83-3D55-4CEA-AE37-FAB713672A26} = {170003BD-7611-492D-A69C-31CD2E139ACD}
		{AF745AD3-E2FC-4014-84B5-08EA3957D559} = {6A1477DF-0906-4DDB-83E8-E3A96C1144B9}
	EndGlobalSection
	GlobalSection(ExtensibilityGlobals) = postSolution
		SolutionGuid = {A21DE734-8270-4606-A1ED-F5F7F351E2B0}
	EndGlobalSection
EndGlobal
